
Microsoft Visual Studio Solution File, Format Version 12.00
# Visual Studio Version 17
VisualStudioVersion = 17.14.36109.1 d17.14
MinimumVisualStudioVersion = 10.0.40219.1
Project("{FAE04EC0-301F-11D3-BF4B-00C04F79EFBC}") = "api.brainz.group", "api.brainz.group\api.brainz.group.csproj", "{00D2C0E2-1441-4E78-9DBC-017588014A2A}"
EndProject
Global
	GlobalSection(SolutionConfigurationPlatforms) = preSolution
		Debug|Any CPU = Debug|Any CPU
		Release|Any CPU = Release|Any CPU
	EndGlobalSection
	GlobalSection(ProjectConfigurationPlatforms) = postSolution
		{00D2C0E2-1441-4E78-9DBC-017588014A2A}.Debug|Any CPU.ActiveCfg = Debug|Any CPU
		{00D2C0E2-1441-4E78-9DBC-017588014A2A}.Debug|Any CPU.Build.0 = Debug|Any CPU
		{00D2C0E2-1441-4E78-9DBC-017588014A2A}.Release|Any CPU.ActiveCfg = Release|Any CPU
		{00D2C0E2-1441-4E78-9DBC-017588014A2A}.Release|Any CPU.Build.0 = Release|Any CPU
	EndGlobalSection
	GlobalSection(SolutionProperties) = preSolution
		HideSolutionNode = FALSE
	EndGlobalSection
	GlobalSection(ExtensibilityGlobals) = postSolution
		SolutionGuid = {2F198D14-9661-4040-AF56-2E8EE9CE82EA}
	EndGlobalSection
EndGlobal
